
Microsoft Visual Studio Solution File, Format Version 12.00
# Visual Studio Version 16
VisualStudioVersion = 16.0.29926.136
MinimumVisualStudioVersion = 10.0.40219.1
Project("{FAE04EC0-301F-11D3-BF4B-00C04F79EFBC}") = "deneme.Core", "deneme.Core\deneme.Core.csproj", "{5F8C4613-E2EE-4042-9A49-F8C3ABB08627}"
EndProject
Project("{FAE04EC0-301F-11D3-BF4B-00C04F79EFBC}") = "deneme.Northwind.Entities", "deneme.Northwind.Entities\deneme.Northwind.Entities.csproj", "{0C08A87C-D7AA-4D3D-BDA8-2F90ADB1B83C}"
EndProject
Project("{FAE04EC0-301F-11D3-BF4B-00C04F79EFBC}") = "deneme.Northwind.DataAcecess", "deneme.Northwind.DataAcecess\deneme.Northwind.DataAcecess.csproj", "{151985B0-B989-48C1-B872-335C0B56CA6F}"
EndProject
Project("{FAE04EC0-301F-11D3-BF4B-00C04F79EFBC}") = "deneme.Northwind.Business", "deneme.Northwind.Business\deneme.Northwind.Business.csproj", "{A9348B51-8EC7-443F-95E0-D6F66C64701F}"
EndProject
Project("{FAE04EC0-301F-11D3-BF4B-00C04F79EFBC}") = "deneme.Northwind.MvcWebUI", "deneme.Northwind.MvcWebUI\deneme.Northwind.MvcWebUI.csproj", "{0C17D539-BDAD-4E5D-94DA-03300126CB4C}"
EndProject
Global
	GlobalSection(SolutionConfigurationPlatforms) = preSolution
		Debug|Any CPU = Debug|Any CPU
		Release|Any CPU = Release|Any CPU
	EndGlobalSection
	GlobalSection(ProjectConfigurationPlatforms) = postSolution
		{5F8C4613-E2EE-4042-9A49-F8C3ABB08627}.Debug|Any CPU.ActiveCfg = Debug|Any CPU
		{5F8C4613-E2EE-4042-9A49-F8C3ABB08627}.Debug|Any CPU.Build.0 = Debug|Any CPU
		{5F8C4613-E2EE-4042-9A49-F8C3ABB08627}.Release|Any CPU.ActiveCfg = Release|Any CPU
		{5F8C4613-E2EE-4042-9A49-F8C3ABB08627}.Release|Any CPU.Build.0 = Release|Any CPU
		{0C08A87C-D7AA-4D3D-BDA8-2F90ADB1B83C}.Debug|Any CPU.ActiveCfg = Debug|Any CPU
		{0C08A87C-D7AA-4D3D-BDA8-2F90ADB1B83C}.Debug|Any CPU.Build.0 = Debug|Any CPU
		{0C08A87C-D7AA-4D3D-BDA8-2F90ADB1B83C}.Release|Any CPU.ActiveCfg = Release|Any CPU
		{0C08A87C-D7AA-4D3D-BDA8-2F90ADB1B83C}.Release|Any CPU.Build.0 = Release|Any CPU
		{151985B0-B989-48C1-B872-335C0B56CA6F}.Debug|Any CPU.ActiveCfg = Debug|Any CPU
		{151985B0-B989-48C1-B872-335C0B56CA6F}.Debug|Any CPU.Build.0 = Debug|Any CPU
		{151985B0-B989-48C1-B872-335C0B56CA6F}.Release|Any CPU.ActiveCfg = Release|Any CPU
		{151985B0-B989-48C1-B872-335C0B56CA6F}.Release|Any CPU.Build.0 = Release|Any CPU
		{A9348B51-8EC7-443F-95E0-D6F66C64701F}.Debug|Any CPU.ActiveCfg = Debug|Any CPU
		{A9348B51-8EC7-443F-95E0-D6F66C64701F}.Debug|Any CPU.Build.0 = Debug|Any CPU
		{A9348B51-8EC7-443F-95E0-D6F66C64701F}.Release|Any CPU.ActiveCfg = Release|Any CPU
		{A9348B51-8EC7-443F-95E0-D6F66C64701F}.Release|Any CPU.Build.0 = Release|Any CPU
		{0C17D539-BDAD-4E5D-94DA-03300126CB4C}.Debug|Any CPU.ActiveCfg = Debug|Any CPU
		{0C17D539-BDAD-4E5D-94DA-03300126CB4C}.Debug|Any CPU.Build.0 = Debug|Any CPU
		{0C17D539-BDAD-4E5D-94DA-03300126CB4C}.Release|Any CPU.ActiveCfg = Release|Any CPU
		{0C17D539-BDAD-4E5D-94DA-03300126CB4C}.Release|Any CPU.Build.0 = Release|Any CPU
	EndGlobalSection
	GlobalSection(SolutionProperties) = preSolution
		HideSolutionNode = FALSE
	EndGlobalSection
	GlobalSection(ExtensibilityGlobals) = postSolution
		SolutionGuid = {ACF19437-2181-4BF8-93CC-C6CDAEC87DD9}
	EndGlobalSection
EndGlobal
